github.com/go-test/deep v1.1.1 h1:0r/53hagsehfO4bzD2Pgr/+RgHqhmf+k1Bpse2cTu1U=
github.com/go-test/deep v1.1.1/go.mod h1:5C2ZWiW0ErCdrYzpqxLbTX7MG14M9iiw8DgHncVwcsE=
github.com/golang-jwt/jwt/v5 v5.3.0 h1:pv4AsKCKKZuqlgs5sUmn4x8UlGa0kEVt/puTpKx9vvo=
github.com/golang-jwt/jwt/v5 v5.3.0/go.mod h1:fxCRLWMO43lRc8nhHWY6LGqRcf+1gQWArsqaEUEa5bE=
github.com/google/uuid v1.1.1/go.mod h1:TIyPZe4MgqvfeYDBFedMoGGpEw/LqOeaOT+nhxU+yHo=
github.com/google/uuid v1.6.0 h1:NIvaJDMOsjHA8n1jAhLSgzrAzy1Hgr+hNrb57e+94F0=
github.com/google/uuid v1.6.0/go.mod h1:TIyPZe4MgqvfeYDBFedMoGGpEw/LqOeaOT+nhxU+yHo=
github.com/microsoft/azure-devops-go-api/azuredevops v1.0.0-b5 h1:YH424zrwLTlyHSH/GzLMJeu5zhYVZSx5RQxGKm1h96s=
github.com/microsoft/azure-devops-go-api/azuredevops v1.0.0-b5/go.mod h1:PoGiBqKSQK1vIfQ+yVaFcGjDySHvym6FM1cNYnwzbrY=
github.com/microsoft/go-infra v0.0.7-0.20250217095817-3d02b2f77127 h1:nb0pU3pHQUqiP0Msa0Ie9gcEt0rYArLZgBi9gHGQhv4=
github.com/microsoft/go-infra v0.0.7-0.20250217095817-3d02b2f77127/go.mod h1:TYHdrIvfN+aAbpD0KYTK7zUMHu/HjOr3FSjpLtuLA2k=
github.com/microsoft/go-infra/goinstallscript v0.0.0-20250210150554-f31015b54477 h1:wTb+eE4fmHYaHok8MROCDSNBprhBPlj5IAx3KP4MGfU=
github.com/microsoft/go-infra/goinstallscript v0.0.0-20250210150554-f31015b54477/go.mod h1:SFsdKAEHdmGsGoh8FkksVaxoQ3rnnJ/TBqN09Ml/0Cw=
golang.org/x/net v0.43.0 h1:lat02VYK2j4aLzMzecihNvTlJNQUq316m2Mr9rnM6YE=
golang.org/x/net v0.43.0/go.mod h1:vhO1fvI4dGsIjh73sWfUVjj3N7CA9WkKJNQm2svM6Jg=
golang.org/x/sys v0.35.0 h1:vz1N37gP5bs89s7He8XuIYXpyY0+QlsKmzipCbUtyxI=
golang.org/x/sys v0.35.0/go.mod h1:BJP2sWEmIv4KK5OTEluFJCKSidICx8ciO85XgH3Ak8k=
golang.org/x/text v0.28.0 h1:rhazDwis8INMIwQ4tpjLDzUhx6RlXqZNPEM0huQojng=
golang.org/x/text v0.28.0/go.mod h1:U8nCwOR8jO/marOQ0QbDiOngZVEBB7MAiitBuMjXiNU=
golang.org/x/tools v0.35.0 h1:mBffYraMEf7aa0sB+NuKnuCy8qI/9Bughn8dC2Gu5r0=
golang.org/x/tools v0.35.0/go.mod h1:NKdj5HkL/73byiZSJjqJgKn3ep7KjFkBOkR/Hps3VPw=
