github.com/microsoft/go-crypto-darwin v0.0.3-0.20261008095156-6223ee583f63 h1:Xg6iSNbkRTuSx12WSjAiIlMld3uHCCzcNJhnHvjkDNQ=
github.com/microsoft/go-crypto-darwin v0.0.3-0.20261008095156-6223ee583f63/go.mod h1:Qk7P66UNeurLdefRFjOLOra7dGK2KDwI7zV19wUqNSc=
github.com/microsoft/go-crypto-openssl v0.5.1-0.20261008140933-2711e143d0b1 h1:4/ive/nAPMp0p0/FBQurfMicWyGUUgpRXKrQnPsj3yU=
github.com/microsoft/go-crypto-openssl v0.5.1-0.20261008140933-2711e143d0b1/go.mod h1:rdSY8BhWs3fySEKPnwYbTbCAWxnXQAfrE8qBibXNU/M=
github.com/microsoft/go-crypto-winnative v0.0.0-20260605073512-713d2add0825 h1:nmQ1K/L5GISW8UwbUwE376h3WXREEpREFdc3fNklcXc=
github.com/microsoft/go-crypto-winnative v0.0.0-20260605073512-713d2add0825/go.mod h1:a1Z07CJIuWa8WT/pzFIGNTTKS96s8o1B1TPOziAHUxw=
golang.org/x/crypto v0.57.1-0.20260921070245-7a4a4d6beae2 h1:S2kz2UVkb4BhxS9tvxdkfNT6T8NqtaUQE+qv1ObhJ8w=
golang.org/x/crypto v0.57.1-0.20260921070245-7a4a4d6beae2/go.mod h1:Fdz0i5U6CoizGwLda9DttjSk6qlZo25zYNtR+ycvuZA=
golang.org/x/sys v0.48.0 h1:bbX/i/6MgT9BVLM9RT1thmxL04yeTAhbEz4SyadbXoo=
golang.org/x/sys v0.48.0/go.mod h1:hNLxWAXmnKAxqDtdwIYC4bM9oQPEecfsnNMuSxOs3og=
