github.com/microsoft/go-crypto-darwin v0.0.3-0.20260619075948-e554deeefa9f h1:ksW7MznRoTYAoBaNIKyjqxR0Tp0aUqY1eALRaerngnk=
github.com/microsoft/go-crypto-darwin v0.0.3-0.20260619075948-e554deeefa9f/go.mod h1:QahyqOoEDhEJ08aC1WtiWq691LyNgXq3qrjI4QmdPzM=
github.com/microsoft/go-crypto-openssl v0.5.0 h1:wTcBB5QN4YtsKcZdqWojL5pWIF/P+PVGNBZ/SQOFiuQ=
github.com/microsoft/go-crypto-openssl v0.5.0/go.mod h1:gJrjX+yWGi9pkbfPVDDh+ZbgjtQoRSXHjb/ZyjwKk34=
github.com/microsoft/go-crypto-winnative v0.0.0-20260605073512-713d2add0825 h1:nmQ1K/L5GISW8UwbUwE376h3WXREEpREFdc3fNklcXc=
github.com/microsoft/go-crypto-winnative v0.0.0-20260605073512-713d2add0825/go.mod h1:a1Z07CJIuWa8WT/pzFIGNTTKS96s8o1B1TPOziAHUxw=
golang.org/x/crypto v0.52.1-0.20260526024921-9beb694f9766 h1:ABD+jVg0H4Hwu2sGcUtKeb3T8mlS+jS3uWrkTAPcXjs=
golang.org/x/crypto v0.52.1-0.20260526024921-9beb694f9766/go.mod h1:1QgfPxDqh0T2M/elOJtp9RvuR95kVjir0e6/BvEmGbc=
