github.com/microsoft/go-crypto-darwin v0.0.3-0.20260619075948-e554deeefa9f h1:ksW7MznRoTYAoBaNIKyjqxR0Tp0aUqY1eALRaerngnk=
github.com/microsoft/go-crypto-darwin v0.0.3-0.20260619075948-e554deeefa9f/go.mod h1:QahyqOoEDhEJ08aC1WtiWq691LyNgXq3qrjI4QmdPzM=
github.com/microsoft/go-crypto-openssl v0.5.1-0.20261005142555-824eae519d26 h1:wUWXwLBG7riSMTLk7FVS5JDBSNahFpiF0K5AHM0D0ck=
github.com/microsoft/go-crypto-openssl v0.5.1-0.20261005142555-824eae519d26/go.mod h1:rdSY8BhWs3fySEKPnwYbTbCAWxnXQAfrE8qBibXNU/M=
github.com/microsoft/go-crypto-winnative v0.0.0-20260605073512-713d2add0825 h1:nmQ1K/L5GISW8UwbUwE376h3WXREEpREFdc3fNklcXc=
github.com/microsoft/go-crypto-winnative v0.0.0-20260605073512-713d2add0825/go.mod h1:a1Z07CJIuWa8WT/pzFIGNTTKS96s8o1B1TPOziAHUxw=
golang.org/x/crypto v0.57.1-0.20260921070245-7a4a4d6beae2 h1:S2kz2UVkb4BhxS9tvxdkfNT6T8NqtaUQE+qv1ObhJ8w=
golang.org/x/crypto v0.57.1-0.20260921070245-7a4a4d6beae2/go.mod h1:Fdz0i5U6CoizGwLda9DttjSk6qlZo25zYNtR+ycvuZA=
golang.org/x/sys v0.48.0 h1:bbX/i/6MgT9BVLM9RT1thmxL04yeTAhbEz4SyadbXoo=
golang.org/x/sys v0.48.0/go.mod h1:hNLxWAXmnKAxqDtdwIYC4bM9oQPEecfsnNMuSxOs3og=
